{
  "object": {
    "pins": [
      {
        "package": "Kingfisher",
        "repositoryURL": "https://github.com/onevcat/Kingfisher.git",
        "state": {
          "branch": null,
          "revision": "8c65ddf756c633d01d9ae01092bf72f0c66dfc60",
          "version": "7.0.0"
        }
      },
      {
        "package": "Kommunicate",
        "repositoryURL": "https://github.com/Sathyan-Elangovan/Kommunicate-iOS-SDK.git",
        "state": {
          "branch": null,
          "revision": "9079e6437d20bfb86346347ef652b86799e7eaba",
          "version": null
        }
      },
      {
        "package": "KommunicateChatUI-iOS-SDK",
        "repositoryURL": "https://github.com/Sathyan-Elangovan/KommunicateChatUI-iOS-SDK.git",
        "state": {
          "branch": null,
          "revision": "98dc3c68050404fe9527bb656a09d8473994332d",
          "version": null
        }
      },
      {
        "package": "KommunicateCore_iOS_SDK",
        "repositoryURL": "https://github.com/Sathyan-Elangovan/KommunicateCore-iOS-SDK.git",
        "state": {
          "branch": null,
          "revision": "12e4f74f8e8d5fa62fc75371f65c6ec52e5e904b",
          "version": null
        }
      },
      {
        "package": "SwipeCellKit",
        "repositoryURL": "https://github.com/SwipeCellKit/SwipeCellKit.git",
        "state": {
          "branch": null,
          "revision": "7219cad3098637176ace311510d11467dbfb9bb0",
          "version": "2.7.1"
        }
      }
    ]
  },
  "version": 1
}
