// !$*UTF8*$!
{
	archiveVersion = 1;
	classes = {
	};
	objectVersion = 55;
	objects = {

/* Begin PBXBuildFile section */
		A19EBA2D27D0969500A64118 /* AppDelegate.swift in Sources */ = {isa = PBXBuildFile; fileRef = A19EBA2C27D0969500A64118 /* AppDelegate.swift */; };
		A19EBA2F27D0969500A64118 /* SceneDelegate.swift in Sources */ = {isa = PBXBuildFile; fileRef = A19EBA2E27D0969500A64118 /* SceneDelegate.swift */; };
		A19EBA3127D0969500A64118 /* ViewController.swift in Sources */ = {isa = PBXBuildFile; fileRef = A19EBA3027D0969500A64118 /* ViewController.swift */; };
		A19EBA3427D0969500A64118 /* Main.storyboard in Resources */ = {isa = PBXBuildFile; fileRef = A19EBA3227D0969500A64118 /* Main.storyboard */; };
		A19EBA3627D0969900A64118 /* Assets.xcassets in Resources */ = {isa = PBXBuildFile; fileRef = A19EBA3527D0969900A64118 /* Assets.xcassets */; };
		A19EBA3927D0969900A64118 /* LaunchScreen.storyboard in Resources */ = {isa = PBXBuildFile; fileRef = A19EBA3727D0969900A64118 /* LaunchScreen.storyboard */; };
		A19EBA4227D0971500A64118 /* Kommunicate in Frameworks */ = {isa = PBXBuildFile; productRef = A19EBA4127D0971500A64118 /* Kommunicate */; };
		A19EBA4427D0E32E00A64118 /* LaunchChatViewController.swift in Sources */ = {isa = PBXBuildFile; fileRef = A19EBA4327D0E32E00A64118 /* LaunchChatViewController.swift */; };
/* End PBXBuildFile section */

/* Begin PBXFileReference section */
		A19EBA2927D0969500A64118 /* SPM MIGRATION.app */ = {isa = PBXFileReference; explicitFileType = wrapper.application; includeInIndex = 0; path = "SPM MIGRATION.app"; sourceTree = BUILT_PRODUCTS_DIR; };
		A19EBA2C27D0969500A64118 /* AppDelegate.swift */ = {isa = PBXFileReference; lastKnownFileType = sourcecode.swift; path = AppDelegate.swift; sourceTree = "<group>"; };
		A19EBA2E27D0969500A64118 /* SceneDelegate.swift */ = {isa = PBXFileReference; lastKnownFileType = sourcecode.swift; path = SceneDelegate.swift; sourceTree = "<group>"; };
		A19EBA3027D0969500A64118 /* ViewController.swift */ = {isa = PBXFileReference; lastKnownFileType = sourcecode.swift; path = ViewController.swift; sourceTree = "<group>"; };
		A19EBA3327D0969500A64118 /* Base */ = {isa = PBXFileReference; lastKnownFileType = file.storyboard; name = Base; path = Base.lproj/Main.storyboard; sourceTree = "<group>"; };
		A19EBA3527D0969900A64118 /* Assets.xcassets */ = {isa = PBXFileReference; lastKnownFileType = folder.assetcatalog; path = Assets.xcassets; sourceTree = "<group>"; };
		A19EBA3827D0969900A64118 /* Base */ = {isa = PBXFileReference; lastKnownFileType = file.storyboard; name = Base; path = Base.lproj/LaunchScreen.storyboard; sourceTree = "<group>"; };
		A19EBA3A27D0969900A64118 /* Info.plist */ = {isa = PBXFileReference; lastKnownFileType = text.plist.xml; path = Info.plist; sourceTree = "<group>"; };
		A19EBA4327D0E32E00A64118 /* LaunchChatViewController.swift */ = {isa = PBXFileReference; lastKnownFileType = sourcecode.swift; path = LaunchChatViewController.swift; sourceTree = "<group>"; };
/* End PBXFileReference section */

/* Begin PBXFrameworksBuildPhase section */
		A19EBA2627D0969500A64118 /* Frameworks */ = {
			isa = PBXFrameworksBuildPhase;
			buildActionMask = 2147483647;
			files = (
				A19EBA4227D0971500A64118 /* Kommunicate in Frameworks */,
			);
			runOnlyForDeploymentPostprocessing = 0;
		};
/* End PBXFrameworksBuildPhase section */

/* Begin PBXGroup section */
		A19EBA2027D0969500A64118 = {
			isa = PBXGroup;
			children = (
				A19EBA2B27D0969500A64118 /* SPM MIGRATION */,
				A19EBA2A27D0969500A64118 /* Products */,
			);
			sourceTree = "<group>";
		};
		A19EBA2A27D0969500A64118 /* Products */ = {
			isa = PBXGroup;
			children = (
				A19EBA2927D0969500A64118 /* SPM MIGRATION.app */,
			);
			name = Products;
			sourceTree = "<group>";
		};
		A19EBA2B27D0969500A64118 /* SPM MIGRATION */ = {
			isa = PBXGroup;
			children = (
				A19EBA2C27D0969500A64118 /* AppDelegate.swift */,
				A19EBA2E27D0969500A64118 /* SceneDelegate.swift */,
				A19EBA3027D0969500A64118 /* ViewController.swift */,
				A19EBA3227D0969500A64118 /* Main.storyboard */,
				A19EBA3527D0969900A64118 /* Assets.xcassets */,
				A19EBA3727D0969900A64118 /* LaunchScreen.storyboard */,
				A19EBA3A27D0969900A64118 /* Info.plist */,
				A19EBA4327D0E32E00A64118 /* LaunchChatViewController.swift */,
			);
			path = "SPM MIGRATION";
			sourceTree = "<group>";
		};
/* End PBXGroup section */

/* Begin PBXNativeTarget section */
		A19EBA2827D0969500A64118 /* SPM MIGRATION */ = {
			isa = PBXNativeTarget;
			buildConfigurationList = A19EBA3D27D0969900A64118 /* Build configuration list for PBXNativeTarget "SPM MIGRATION" */;
			buildPhases = (
				A19EBA2527D0969500A64118 /* Sources */,
				A19EBA2627D0969500A64118 /* Frameworks */,
				A19EBA2727D0969500A64118 /* Resources */,
			);
			buildRules = (
			);
			dependencies = (
			);
			name = "SPM MIGRATION";
			packageProductDependencies = (
				A19EBA4127D0971500A64118 /* Kommunicate */,
			);
			productName = "SPM MIGRATION";
			productReference = A19EBA2927D0969500A64118 /* SPM MIGRATION.app */;
			productType = "com.apple.product-type.application";
		};
/* End PBXNativeTarget section */

/* Begin PBXProject section */
		A19EBA2127D0969500A64118 /* Project object */ = {
			isa = PBXProject;
			attributes = {
				BuildIndependentTargetsInParallel = 1;
				LastSwiftUpdateCheck = 1320;
				LastUpgradeCheck = 1320;
				TargetAttributes = {
					A19EBA2827D0969500A64118 = {
						CreatedOnToolsVersion = 13.2.1;
					};
				};
			};
			buildConfigurationList = A19EBA2427D0969500A64118 /* Build configuration list for PBXProject "SPM MIGRATION" */;
			compatibilityVersion = "Xcode 13.0";
			developmentRegion = en;
			hasScannedForEncodings = 0;
			knownRegions = (
				en,
				Base,
			);
			mainGroup = A19EBA2027D0969500A64118;
			packageReferences = (
				A19EBA4027D0971500A64118 /* XCRemoteSwiftPackageReference "Kommunicate-iOS-SDK" */,
			);
			productRefGroup = A19EBA2A27D0969500A64118 /* Products */;
			projectDirPath = "";
			projectRoot = "";
			targets = (
				A19EBA2827D0969500A64118 /* SPM MIGRATION */,
			);
		};
/* End PBXProject section */

/* Begin PBXResourcesBuildPhase section */
		A19EBA2727D0969500A64118 /* Resources */ = {
			isa = PBXResourcesBuildPhase;
			buildActionMask = 2147483647;
			files = (
				A19EBA3927D0969900A64118 /* LaunchScreen.storyboard in Resources */,
				A19EBA3627D0969900A64118 /* Assets.xcassets in Resources */,
				A19EBA3427D0969500A64118 /* Main.storyboard in Resources */,
			);
			runOnlyForDeploymentPostprocessing = 0;
		};
/* End PBXResourcesBuildPhase section */

/* Begin PBXSourcesBuildPhase section */
		A19EBA2527D0969500A64118 /* Sources */ = {
			isa = PBXSourcesBuildPhase;
			buildActionMask = 2147483647;
			files = (
				A19EBA3127D0969500A64118 /* ViewController.swift in Sources */,
				A19EBA2D27D0969500A64118 /* AppDelegate.swift in Sources */,
				A19EBA2F27D0969500A64118 /* SceneDelegate.swift in Sources */,
				A19EBA4427D0E32E00A64118 /* LaunchChatViewController.swift in Sources */,
			);
			runOnlyForDeploymentPostprocessing = 0;
		};
/* End PBXSourcesBuildPhase section */

/* Begin PBXVariantGroup section */
		A19EBA3227D0969500A64118 /* Main.storyboard */ = {
			isa = PBXVariantGroup;
			children = (
				A19EBA3327D0969500A64118 /* Base */,
			);
			name = Main.storyboard;
			sourceTree = "<group>";
		};
		A19EBA3727D0969900A64118 /* LaunchScreen.storyboard */ = {
			isa = PBXVariantGroup;
			children = (
				A19EBA3827D0969900A64118 /* Base */,
			);
			name = LaunchScreen.storyboard;
			sourceTree = "<group>";
		};
/* End PBXVariantGroup section */

/* Begin XCBuildConfiguration section */
		A19EBA3B27D0969900A64118 /* Debug */ = {
			isa = XCBuildConfiguration;
			buildSettings = {
				ALWAYS_SEARCH_USER_PATHS = NO;
				CLANG_ANALYZER_NONNULL = YES;
				CLANG_ANALYZER_NUMBER_OBJECT_CONVERSION = YES_AGGRESSIVE;
				CLANG_CXX_LANGUAGE_STANDARD = "gnu++17";
				CLANG_CXX_LIBRARY = "libc++";
				CLANG_ENABLE_MODULES = YES;
				CLANG_ENABLE_OBJC_ARC = YES;
				CLANG_ENABLE_OBJC_WEAK = YES;
				CLANG_WARN_BLOCK_CAPTURE_AUTORELEASING = YES;
				CLANG_WARN_BOOL_CONVERSION = YES;
				CLANG_WARN_COMMA = YES;
				CLANG_WARN_CONSTANT_CONVERSION = YES;
				CLANG_WARN_DEPRECATED_OBJC_IMPLEMENTATIONS = YES;
				CLANG_WARN_DIRECT_OBJC_ISA_USAGE = YES_ERROR;
				CLANG_WARN_DOCUMENTATION_COMMENTS = YES;
				CLANG_WARN_EMPTY_BODY = YES;
				CLANG_WARN_ENUM_CONVERSION = YES;
				CLANG_WARN_INFINITE_RECURSION = YES;
				CLANG_WARN_INT_CONVERSION = YES;
				CLANG_WARN_NON_LITERAL_NULL_CONVERSION = YES;
				CLANG_WARN_OBJC_IMPLICIT_RETAIN_SELF = YES;
				CLANG_WARN_OBJC_LITERAL_CONVERSION = YES;
				CLANG_WARN_OBJC_ROOT_CLASS = YES_ERROR;
				CLANG_WARN_QUOTED_INCLUDE_IN_FRAMEWORK_HEADER = YES;
				CLANG_WARN_RANGE_LOOP_ANALYSIS = YES;
				CLANG_WARN_STRICT_PROTOTYPES = YES;
				CLANG_WARN_SUSPICIOUS_MOVE = YES;
				CLANG_WARN_UNGUARDED_AVAILABILITY = YES_AGGRESSIVE;
				CLANG_WARN_UNREACHABLE_CODE = YES;
				CLANG_WARN__DUPLICATE_METHOD_MATCH = YES;
				COPY_PHASE_STRIP = NO;
				DEBUG_INFORMATION_FORMAT = dwarf;
				ENABLE_STRICT_OBJC_MSGSEND = YES;
				ENABLE_TESTABILITY = YES;
				GCC_C_LANGUAGE_STANDARD = gnu11;
				GCC_DYNAMIC_NO_PIC = NO;
				GCC_NO_COMMON_BLOCKS = YES;
				GCC_OPTIMIZATION_LEVEL = 0;
				GCC_PREPROCESSOR_DEFINITIONS = (
					"DEBUG=1",
					"$(inherited)",
				);
				GCC_WARN_64_TO_32_BIT_CONVERSION = YES;
				GCC_WARN_ABOUT_RETURN_TYPE = YES_ERROR;
				GCC_WARN_UNDECLARED_SELECTOR = YES;
				GCC_WARN_UNINITIALIZED_AUTOS = YES_AGGRESSIVE;
				GCC_WARN_UNUSED_FUNCTION = YES;
				GCC_WARN_UNUSED_VARIABLE = YES;
				IPHONEOS_DEPLOYMENT_TARGET = 15.2;
				MTL_ENABLE_DEBUG_INFO = INCLUDE_SOURCE;
				MTL_FAST_MATH = YES;
				ONLY_ACTIVE_ARCH = YES;
				SDKROOT = iphoneos;
				SWIFT_ACTIVE_COMPILATION_CONDITIONS = DEBUG;
				SWIFT_OPTIMIZATION_LEVEL = "-Onone";
			};
			name = Debug;
		};
		A19EBA3C27D0969900A64118 /* Release */ = {
			isa = XCBuildConfiguration;
			buildSettings = {
				ALWAYS_SEARCH_USER_PATHS = NO;
				CLANG_ANALYZER_NONNULL = YES;
				CLANG_ANALYZER_NUMBER_OBJECT_CONVERSION = YES_AGGRESSIVE;
				CLANG_CXX_LANGUAGE_STANDARD = "gnu++17";
				CLANG_CXX_LIBRARY = "libc++";
				CLANG_ENABLE_MODULES = YES;
				CLANG_ENABLE_OBJC_ARC = YES;
				CLANG_ENABLE_OBJC_WEAK = YES;
				CLANG_WARN_BLOCK_CAPTURE_AUTORELEASING = YES;
				CLANG_WARN_BOOL_CONVERSION = YES;
				CLANG_WARN_COMMA = YES;
				CLANG_WARN_CONSTANT_CONVERSION = YES;
				CLANG_WARN_DEPRECATED_OBJC_IMPLEMENTATIONS = YES;
				CLANG_WARN_DIRECT_OBJC_ISA_USAGE = YES_ERROR;
				CLANG_WARN_DOCUMENTATION_COMMENTS = YES;
				CLANG_WARN_EMPTY_BODY = YES;
				CLANG_WARN_ENUM_CONVERSION = YES;
				CLANG_WARN_INFINITE_RECURSION = YES;
				CLANG_WARN_INT_CONVERSION = YES;
				CLANG_WARN_NON_LITERAL_NULL_CONVERSION = YES;
				CLANG_WARN_OBJC_IMPLICIT_RETAIN_SELF = YES;
				CLANG_WARN_OBJC_LITERAL_CONVERSION = YES;
				CLANG_WARN_OBJC_ROOT_CLASS = YES_ERROR;
				CLANG_WARN_QUOTED_INCLUDE_IN_FRAMEWORK_HEADER = YES;
				CLANG_WARN_RANGE_LOOP_ANALYSIS = YES;
				CLANG_WARN_STRICT_PROTOTYPES = YES;
				CLANG_WARN_SUSPICIOUS_MOVE = YES;
				CLANG_WARN_UNGUARDED_AVAILABILITY = YES_AGGRESSIVE;
				CLANG_WARN_UNREACHABLE_CODE = YES;
				CLANG_WARN__DUPLICATE_METHOD_MATCH = YES;
				COPY_PHASE_STRIP = NO;
				DEBUG_INFORMATION_FORMAT = "dwarf-with-dsym";
				ENABLE_NS_ASSERTIONS = NO;
				ENABLE_STRICT_OBJC_MSGSEND = YES;
				GCC_C_LANGUAGE_STANDARD = gnu11;
				GCC_NO_COMMON_BLOCKS = YES;
				GCC_WARN_64_TO_32_BIT_CONVERSION = YES;
				GCC_WARN_ABOUT_RETURN_TYPE = YES_ERROR;
				GCC_WARN_UNDECLARED_SELECTOR = YES;
				GCC_WARN_UNINITIALIZED_AUTOS = YES_AGGRESSIVE;
				GCC_WARN_UNUSED_FUNCTION = YES;
				GCC_WARN_UNUSED_VARIABLE = YES;
				IPHONEOS_DEPLOYMENT_TARGET = 15.2;
				MTL_ENABLE_DEBUG_INFO = NO;
				MTL_FAST_MATH = YES;
				SDKROOT = iphoneos;
				SWIFT_COMPILATION_MODE = wholemodule;
				SWIFT_OPTIMIZATION_LEVEL = "-O";
				VALIDATE_PRODUCT = YES;
			};
			name = Release;
		};
		A19EBA3E27D0969900A64118 /* Debug */ = {
			isa = XCBuildConfiguration;
			buildSettings = {
				ASSETCATALOG_COMPILER_APPICON_NAME = AppIcon;
				ASSETCATALOG_COMPILER_GLOBAL_ACCENT_COLOR_NAME = AccentColor;
				CODE_SIGN_STYLE = Automatic;
				CURRENT_PROJECT_VERSION = 1;
				GENERATE_INFOPLIST_FILE = YES;
				INFOPLIST_FILE = "SPM MIGRATION/Info.plist";
				INFOPLIST_KEY_UIApplicationSupportsIndirectInputEvents = YES;
				INFOPLIST_KEY_UILaunchStoryboardName = LaunchScreen;
				INFOPLIST_KEY_UIMainStoryboardFile = Main;
				INFOPLIST_KEY_UISupportedInterfaceOrientations_iPad = "UIInterfaceOrientationPortrait UIInterfaceOrientationPortraitUpsideDown UIInterfaceOrientationLandscapeLeft UIInterfaceOrientationLandscapeRight";
				INFOPLIST_KEY_UISupportedInterfaceOrientations_iPhone = "UIInterfaceOrientationPortrait UIInterfaceOrientationLandscapeLeft UIInterfaceOrientationLandscapeRight";
				LD_RUNPATH_SEARCH_PATHS = (
					"$(inherited)",
					"@executable_path/Frameworks",
				);
				MARKETING_VERSION = 1.0;
				PRODUCT_BUNDLE_IDENTIFIER = "com.sathyan.SPM-MIGRATION";
				PRODUCT_NAME = "$(TARGET_NAME)";
				SWIFT_EMIT_LOC_STRINGS = YES;
				SWIFT_VERSION = 5.0;
				TARGETED_DEVICE_FAMILY = "1,2";
			};
			name = Debug;
		};
		A19EBA3F27D0969900A64118 /* Release */ = {
			isa = XCBuildConfiguration;
			buildSettings = {
				ASSETCATALOG_COMPILER_APPICON_NAME = AppIcon;
				ASSETCATALOG_COMPILER_GLOBAL_ACCENT_COLOR_NAME = AccentColor;
				CODE_SIGN_STYLE = Automatic;
				CURRENT_PROJECT_VERSION = 1;
				GENERATE_INFOPLIST_FILE = YES;
				INFOPLIST_FILE = "SPM MIGRATION/Info.plist";
				INFOPLIST_KEY_UIApplicationSupportsIndirectInputEvents = YES;
				INFOPLIST_KEY_UILaunchStoryboardName = LaunchScreen;
				INFOPLIST_KEY_UIMainStoryboardFile = Main;
				INFOPLIST_KEY_UISupportedInterfaceOrientations_iPad = "UIInterfaceOrientationPortrait UIInterfaceOrientationPortraitUpsideDown UIInterfaceOrientationLandscapeLeft UIInterfaceOrientationLandscapeRight";
				INFOPLIST_KEY_UISupportedInterfaceOrientations_iPhone = "UIInterfaceOrientationPortrait UIInterfaceOrientationLandscapeLeft UIInterfaceOrientationLandscapeRight";
				LD_RUNPATH_SEARCH_PATHS = (
					"$(inherited)",
					"@executable_path/Frameworks",
				);
				MARKETING_VERSION = 1.0;
				PRODUCT_BUNDLE_IDENTIFIER = "com.sathyan.SPM-MIGRATION";
				PRODUCT_NAME = "$(TARGET_NAME)";
				SWIFT_EMIT_LOC_STRINGS = YES;
				SWIFT_VERSION = 5.0;
				TARGETED_DEVICE_FAMILY = "1,2";
			};
			name = Release;
		};
/* End XCBuildConfiguration section */

/* Begin XCConfigurationList section */
		A19EBA2427D0969500A64118 /* Build configuration list for PBXProject "SPM MIGRATION" */ = {
			isa = XCConfigurationList;
			buildConfigurations = (
				A19EBA3B27D0969900A64118 /* Debug */,
				A19EBA3C27D0969900A64118 /* Release */,
			);
			defaultConfigurationIsVisible = 0;
			defaultConfigurationName = Release;
		};
		A19EBA3D27D0969900A64118 /* Build configuration list for PBXNativeTarget "SPM MIGRATION" */ = {
			isa = XCConfigurationList;
			buildConfigurations = (
				A19EBA3E27D0969900A64118 /* Debug */,
				A19EBA3F27D0969900A64118 /* Release */,
			);
			defaultConfigurationIsVisible = 0;
			defaultConfigurationName = Release;
		};
/* End XCConfigurationList section */

/* Begin XCRemoteSwiftPackageReference section */
		A19EBA4027D0971500A64118 /* XCRemoteSwiftPackageReference "Kommunicate-iOS-SDK" */ = {
			isa = XCRemoteSwiftPackageReference;
			repositoryURL = "https://github.com/Sathyan-Elangovan/Kommunicate-iOS-SDK.git";
			requirement = {
				kind = revision;
				revision = a4e2320d66dc6c3178f765181985d448e7c0b290;
			};
		};
/* End XCRemoteSwiftPackageReference section */

/* Begin XCSwiftPackageProductDependency section */
		A19EBA4127D0971500A64118 /* Kommunicate */ = {
			isa = XCSwiftPackageProductDependency;
			package = A19EBA4027D0971500A64118 /* XCRemoteSwiftPackageReference "Kommunicate-iOS-SDK" */;
			productName = Kommunicate;
		};
/* End XCSwiftPackageProductDependency section */
	};
	rootObject = A19EBA2127D0969500A64118 /* Project object */;
}
